
Microsoft Visual Studio Solution File, Format Version 12.00
# Visual Studio Version 17
VisualStudioVersion = 17.4.33205.214
MinimumVisualStudioVersion = 10.0.40219.1
Project("{FAE04EC0-301F-11D3-BF4B-00C04F79EFBC}") = "ChatGPTCalculator", "ChatGPTCalculator\ChatGPTCalculator.csproj", "{B4BBF7AE-9401-4CC7-B5A8-8AF042E1C64B}"
EndProject
Global
	GlobalSection(SolutionConfigurationPlatforms) = preSolution
		Debug|Any CPU = Debug|Any CPU
		Release|Any CPU = Release|Any CPU
	EndGlobalSection
	GlobalSection(ProjectConfigurationPlatforms) = postSolution
		{B4BBF7AE-9401-4CC7-B5A8-8AF042E1C64B}.Debug|Any CPU.ActiveCfg = Debug|Any CPU
		{B4BBF7AE-9401-4CC7-B5A8-8AF042E1C64B}.Debug|Any CPU.Build.0 = Debug|Any CPU
		{B4BBF7AE-9401-4CC7-B5A8-8AF042E1C64B}.Release|Any CPU.ActiveCfg = Release|Any CPU
		{B4BBF7AE-9401-4CC7-B5A8-8AF042E1C64B}.Release|Any CPU.Build.0 = Release|Any CPU
	EndGlobalSection
	GlobalSection(SolutionProperties) = preSolution
		HideSolutionNode = FALSE
	EndGlobalSection
	GlobalSection(ExtensibilityGlobals) = postSolution
		SolutionGuid = {2E7E2170-B914-446A-9CC0-602A04E8238B}
	EndGlobalSection
EndGlobal
